
Microsoft Visual Studio Solution File, Format Version 12.00
# Visual Studio 15
VisualStudioVersion = 15.0.28307.168
MinimumVisualStudioVersion = 10.0.40219.1
Project("{FAE04EC0-301F-11D3-BF4B-00C04F79EFBC}") = "ChPAbot", "ChPAbot\ChPAbot.csproj", "{07940E62-A997-4682-8238-B3EE4B968A88}"
EndProject
Global
	GlobalSection(SolutionConfigurationPlatforms) = preSolution
		Debug|Any CPU = Debug|Any CPU
		Release|Any CPU = Release|Any CPU
	EndGlobalSection
	GlobalSection(ProjectConfigurationPlatforms) = postSolution
		{07940E62-A997-4682-8238-B3EE4B968A88}.Debug|Any CPU.ActiveCfg = Debug|Any CPU
		{07940E62-A997-4682-8238-B3EE4B968A88}.Debug|Any CPU.Build.0 = Debug|Any CPU
		{07940E62-A997-4682-8238-B3EE4B968A88}.Release|Any CPU.ActiveCfg = Release|Any CPU
		{07940E62-A997-4682-8238-B3EE4B968A88}.Release|Any CPU.Build.0 = Release|Any CPU
	EndGlobalSection
	GlobalSection(SolutionProperties) = preSolution
		HideSolutionNode = FALSE
	EndGlobalSection
	GlobalSection(ExtensibilityGlobals) = postSolution
		SolutionGuid = {8803EAD4-89E8-4046-BBFA-4AF394EA5861}
	EndGlobalSection
EndGlobal
